
Microsoft Visual Studio Solution File, Format Version 12.00
# Visual Studio 15
VisualStudioVersion = 15.0.28010.2026
MinimumVisualStudioVersion = 10.0.40219.1
Project("{00D1A9C2-B5F0-4AF3-8072-F6C62B433612}") = "DataReservoirDevOps", "DataReservoirDevOps\DataReservoirDevOps.sqlproj", "{99A47486-97B3-416C-8D22-57C8F707BEAF}"
EndProject
Project("{FAE04EC0-301F-11D3-BF4B-00C04F79EFBC}") = "TestSpecs", "TestSpecs\TestSpecs.csproj", "{19C368E8-7024-4D96-8DB3-DB9283DE5FFE}"
EndProject
Project("{FAE04EC0-301F-11D3-BF4B-00C04F79EFBC}") = "DatabaseUnittest", "DatabaseUnittest\DatabaseUnittest.csproj", "{C398D412-16A9-495F-A36E-E6DD69F0D8F3}"
EndProject
Global
	GlobalSection(SolutionConfigurationPlatforms) = preSolution
		Debug|Any CPU = Debug|Any CPU
		Development|Any CPU = Development|Any CPU
		Release|Any CPU = Release|Any CPU
	EndGlobalSection
	GlobalSection(ProjectConfigurationPlatforms) = postSolution
		{99A47486-97B3-416C-8D22-57C8F707BEAF}.Debug|Any CPU.ActiveCfg = Debug|Any CPU
		{99A47486-97B3-416C-8D22-57C8F707BEAF}.Debug|Any CPU.Build.0 = Debug|Any CPU
		{99A47486-97B3-416C-8D22-57C8F707BEAF}.Debug|Any CPU.Deploy.0 = Debug|Any CPU
		{99A47486-97B3-416C-8D22-57C8F707BEAF}.Development|Any CPU.ActiveCfg = Debug|Any CPU
		{99A47486-97B3-416C-8D22-57C8F707BEAF}.Development|Any CPU.Deploy.0 = Debug|Any CPU
		{99A47486-97B3-416C-8D22-57C8F707BEAF}.Release|Any CPU.ActiveCfg = Release|Any CPU
		{99A47486-97B3-416C-8D22-57C8F707BEAF}.Release|Any CPU.Build.0 = Release|Any CPU
		{99A47486-97B3-416C-8D22-57C8F707BEAF}.Release|Any CPU.Deploy.0 = Release|Any CPU
		{19C368E8-7024-4D96-8DB3-DB9283DE5FFE}.Debug|Any CPU.ActiveCfg = Debug|Any CPU
		{19C368E8-7024-4D96-8DB3-DB9283DE5FFE}.Development|Any CPU.ActiveCfg = Debug|Any CPU
		{19C368E8-7024-4D96-8DB3-DB9283DE5FFE}.Release|Any CPU.ActiveCfg = Release|Any CPU
		{19C368E8-7024-4D96-8DB3-DB9283DE5FFE}.Release|Any CPU.Build.0 = Release|Any CPU
		{C398D412-16A9-495F-A36E-E6DD69F0D8F3}.Debug|Any CPU.ActiveCfg = Debug|Any CPU
		{C398D412-16A9-495F-A36E-E6DD69F0D8F3}.Debug|Any CPU.Build.0 = Debug|Any CPU
		{C398D412-16A9-495F-A36E-E6DD69F0D8F3}.Development|Any CPU.ActiveCfg = Debug|Any CPU
		{C398D412-16A9-495F-A36E-E6DD69F0D8F3}.Development|Any CPU.Build.0 = Debug|Any CPU
		{C398D412-16A9-495F-A36E-E6DD69F0D8F3}.Release|Any CPU.ActiveCfg = Release|Any CPU
		{C398D412-16A9-495F-A36E-E6DD69F0D8F3}.Release|Any CPU.Build.0 = Release|Any CPU
	EndGlobalSection
	GlobalSection(SolutionProperties) = preSolution
		HideSolutionNode = FALSE
	EndGlobalSection
	GlobalSection(ExtensibilityGlobals) = postSolution
		SolutionGuid = {E1C37F0D-87C0-4928-A6A8-B73C34C9C1F5}
	EndGlobalSection
EndGlobal
